golang.org/x/net v0.57.0 h1:K5+3DljvIuDG9/Jv9rvyMywYNFCQ9RSUY6OOTTkT+tE=
golang.org/x/net v0.57.0/go.mod h1:KpXc8iv+r3XplLAG/f7Jsf9RPszJzdR0f58q9vGOuEU=
maragu.dev/gomponents v1.3.0 h1:aa/JBqZl2Ae7r4CubwjoLfgbkWHYs7jnzoQiAD/XOiI=
maragu.dev/gomponents v1.3.0/go.mod h1:oEDahza2gZoXDoDHhw8jBNgH+3UR5ni7Ur648HORydM=
